<?xml version="1.0" encoding="utf-8"?>
<Project ToolsVersion="4.0" xmlns="http://schemas.microsoft.com/developer/msbuild/2003">
  <ItemGroup>
    <Filter Include="Source Files">
      <UniqueIdentifier>{4FC737F1-C7A5-4376-A066-2A32D752A2FF}</UniqueIdentifier>
      <Extensions>cpp;c;cc;cxx;def;odl;idl;hpj;bat;asm;asmx</Extensions>
    </Filter>
    <Filter Include="Source Files\cinderfx">
      <UniqueIdentifier>{fc6d1fb8-1535-41f5-9001-f0e40b28bfc0}</UniqueIdentifier>
    </Filter>
  </ItemGroup>
  <ItemGroup>
    <ClCompile Include="..\src\Particles.cpp">
      <Filter>Source Files</Filter>
    </ClCompile>
    <ClCompile Include="..\src\cinderfx\Fluid2D.cpp">
      <Filter>Source Files\cinderfx</Filter>
    </ClCompile>
  </ItemGroup>
  <ItemGroup>
    <ClInclude Include="..\include\Resources.h">
      <Filter>Header Files</Filter>
    </ClInclude>
    <ClInclude Include="..\src\TOP_CPlusPlusBase.h">
      <Filter>Source Files</Filter>
    </ClInclude>
    <ClInclude Include="..\src\Particles.h">
      <Filter>Source Files</Filter>
    </ClInclude>
    <ClInclude Include="..\src\cinderfx\Fluid2D.h">
      <Filter>Source Files\cinderfx</Filter>
    </ClInclude>
    <ClInclude Include="..\src\cinderfx\Grid.h">
      <Filter>Source Files\cinderfx</Filter>
    </ClInclude>
    <ClInclude Include="..\src\cinderfx\Clamp.h">
      <Filter>Source Files\cinderfx</Filter>
    </ClInclude>
  </ItemGroup>
  <ItemGroup>
    <ClCompile Include="..\src\FluidSimTOP.cpp">
      <Filter>Source Files</Filter>
    </ClCompile>
  </ItemGroup>
</Project>